<?xml version="1.0" encoding="utf-8"?>
<Project ToolsVersion="4.0" xmlns="http://schemas.microsoft.com/developer/msbuild/2003">
  <ItemGroup>
    <Filter Include="Source Files">
      <UniqueIdentifier>{4FC737F1-C7A5-4376-A066-2A32D752A2FF}</UniqueIdentifier>
      <Extensions>cpp;c;cc;cxx;c++;cppm;ixx;def;odl;idl;hpj;bat;asm;asmx</Extensions>
    </Filter>
    <Filter Include="Header Files">
      <UniqueIdentifier>{93995380-89BD-4b04-88EB-625FBE52EBFB}</UniqueIdentifier>
      <Extensions>h;hh;hpp;hxx;h++;hm;inl;inc;ipp;xsd</Extensions>
    </Filter>
    <Filter Include="Resource Files">
      <UniqueIdentifier>{67DA6AB6-F800-4c08-8B7A-83BB121AAD01}</UniqueIdentifier>
      <Extensions>rc;ico;cur;bmp;dlg;rc2;rct;bin;rgs;gif;jpg;jpeg;jpe;resx;tiff;tif;png;wav;mfcribbon-ms</Extensions>
    </Filter>
  </ItemGroup>
  <ItemGroup>
    <ClCompile Include="Main\main.cpp">
      <Filter>Source Files</Filter>
    </ClCompile>
    <ClCompile Include="Libs\imgui\imgui.cpp">
      <Filter>Source Files</Filter>
    </ClCompile>
    <ClCompile Include="Libs\imgui\imgui_demo.cpp">
      <Filter>Source Files</Filter>
    </ClCompile>
    <ClCompile Include="Libs\imgui\imgui_draw.cpp">
      <Filter>Source Files</Filter>
    </ClCompile>
    <ClCompile Include="Libs\imgui\imgui_impl_dx11.cpp">
      <Filter>Source Files</Filter>
    </ClCompile>
    <ClCompile Include="Libs\imgui\imgui_impl_win32.cpp">
      <Filter>Source Files</Filter>
    </ClCompile>
    <ClCompile Include="Libs\imgui\imgui_tables.cpp">
      <Filter>Source Files</Filter>
    </ClCompile>
    <ClCompile Include="Libs\imgui\imgui_widgets.cpp">
      <Filter>Source Files</Filter>
    </ClCompile>
    <ClCompile Include="Main\Driver.h">
      <Filter>Source Files</Filter>
    </ClCompile>
    <ClCompile Include="Utils\Definations\Overlay.cpp">
      <Filter>Source Files</Filter>
    </ClCompile>
    <ClCompile Include="Utils\Definations\Process.cpp">
      <Filter>Source Files</Filter>
    </ClCompile>
    <ClCompile Include="Utils\Definations\Console.cpp">
      <Filter>Source Files</Filter>
    </ClCompile>
    <ClCompile Include="Menu\Definations\Custom.cpp">
      <Filter>Source Files</Filter>
    </ClCompile>
    <ClCompile Include="Menu\Definations\Menu.cpp">
      <Filter>Source Files</Filter>
    </ClCompile>
    <ClCompile Include="Utils\Definations\DataManager.cpp">
      <Filter>Source Files</Filter>
    </ClCompile>
    <ClCompile Include="Utils\Definations\Draw.cpp">
      <Filter>Source Files</Filter>
    </ClCompile>
    <ClCompile Include="Menu\Definations\Resources.cpp">
      <Filter>Source Files</Filter>
    </ClCompile>
    <ClCompile Include="Main\Driver.cpp">
      <Filter>Source Files</Filter>
    </ClCompile>
    <ClCompile Include="SDK\Maths\CView.cpp">
      <Filter>Source Files</Filter>
    </ClCompile>
    <ClCompile Include="SDK\Maths\CAngle.cpp">
      <Filter>Source Files</Filter>
    </ClCompile>
  </ItemGroup>
  <ItemGroup>
    <ClInclude Include="Libs\imgui\imconfig.h">
      <Filter>Header Files</Filter>
    </ClInclude>
    <ClInclude Include="Libs\imgui\imgui.h">
      <Filter>Header Files</Filter>
    </ClInclude>
    <ClInclude Include="Libs\imgui\imgui_impl_dx11.h">
      <Filter>Header Files</Filter>
    </ClInclude>
    <ClInclude Include="Libs\imgui\imgui_impl_win32.h">
      <Filter>Header Files</Filter>
    </ClInclude>
    <ClInclude Include="Libs\imgui\imgui_internal.h">
      <Filter>Header Files</Filter>
    </ClInclude>
    <ClInclude Include="Libs\imgui\imstb_rectpack.h">
      <Filter>Header Files</Filter>
    </ClInclude>
    <ClInclude Include="Libs\imgui\imstb_textedit.h">
      <Filter>Header Files</Filter>
    </ClInclude>
    <ClInclude Include="Libs\imgui\imstb_truetype.h">
      <Filter>Header Files</Filter>
    </ClInclude>
    <ClInclude Include="Utils\Overlay.h">
      <Filter>Header Files</Filter>
    </ClInclude>
    <ClInclude Include="Utils\Console.hpp">
      <Filter>Header Files</Filter>
    </ClInclude>
    <ClInclude Include="Maths\Vector.hpp">
      <Filter>Header Files</Filter>
    </ClInclude>
    <ClInclude Include="Maths\ViewMatrix.h">
      <Filter>Header Files</Filter>
    </ClInclude>
    <ClInclude Include="Globals\Globals.h">
      <Filter>Header Files</Filter>
    </ClInclude>
    <ClInclude Include="Utils\Process.hpp">
      <Filter>Header Files</Filter>
    </ClInclude>
    <ClInclude Include="Libs\Json.hpp">
      <Filter>Header Files</Filter>
    </ClInclude>
    <ClInclude Include="Libs\fonts\Poppins.h">
      <Filter>Header Files</Filter>
    </ClInclude>
    <ClInclude Include="Globals\Logo.h">
      <Filter>Header Files</Filter>
    </ClInclude>
    <ClInclude Include="Globals\Offsets.h">
      <Filter>Header Files</Filter>
    </ClInclude>
    <ClInclude Include="Menu\Menu.h">
      <Filter>Header Files</Filter>
    </ClInclude>
    <ClInclude Include="Menu\Resources.h">
      <Filter>Header Files</Filter>
    </ClInclude>
    <ClInclude Include="Menu\Bytes.h">
      <Filter>Header Files</Filter>
    </ClInclude>
    <ClInclude Include="Menu\Custom.h">
      <Filter>Header Files</Filter>
    </ClInclude>
    <ClInclude Include="Utils\Updater.h">
      <Filter>Header Files</Filter>
    </ClInclude>
    <ClInclude Include="Cheats\mainclp.h">
      <Filter>Header Files</Filter>
    </ClInclude>
    <ClInclude Include="Cheats\Data.h">
      <Filter>Header Files</Filter>
    </ClInclude>
    <ClInclude Include="SDK\CC4Components.h">
      <Filter>Header Files</Filter>
    </ClInclude>
    <ClInclude Include="SDK\CGameObjectTypes.h">
      <Filter>Header Files</Filter>
    </ClInclude>
    <ClInclude Include="Utils\Draw.h">
      <Filter>Header Files</Filter>
    </ClInclude>
    <ClInclude Include="Libs\fonts\Roboto.h">
      <Filter>Header Files</Filter>
    </ClInclude>
    <ClInclude Include="SDK\CBoneComponents.h">
      <Filter>Header Files</Filter>
    </ClInclude>
    <ClInclude Include="SDK\CGameConstants.h">
      <Filter>Header Files</Filter>
    </ClInclude>
    <ClInclude Include="Utils\Automation.h">
      <Filter>Header Files</Filter>
    </ClInclude>
    <ClInclude Include="Utils\KeyArrays.h">
      <Filter>Header Files</Filter>
    </ClInclude>
    <ClInclude Include="SDK\CGameComponents.h">
      <Filter>Header Files</Filter>
    </ClInclude>
    <ClInclude Include="SDK\CPlayerComponents.h">
      <Filter>Header Files</Filter>
    </ClInclude>
    <ClInclude Include="SDK\CEntityComponents.h">
      <Filter>Header Files</Filter>
    </ClInclude>
    <ClInclude Include="Utils\DataManager.h">
      <Filter>Header Files</Filter>
    </ClInclude>
    <ClInclude Include="Cheats\CEntities.h">
      <Filter>Header Files</Filter>
    </ClInclude>
    <ClInclude Include="Cheats\sdkincs.h">
      <Filter>Header Files</Filter>
    </ClInclude>
    <ClInclude Include="Cheats\CPlayer.h">
      <Filter>Header Files</Filter>
    </ClInclude>
    <ClInclude Include="Cheats\CGame.h">
      <Filter>Header Files</Filter>
    </ClInclude>
    <ClInclude Include="Cheats\Coords.h">
      <Filter>Header Files</Filter>
    </ClInclude>
    <ClInclude Include="Cheats\CPlayerEntities.h">
      <Filter>Header Files</Filter>
    </ClInclude>
    <ClInclude Include="Cheats\CWorld.h">
      <Filter>Header Files</Filter>
    </ClInclude>
    <ClInclude Include="Cheats\CLocalPlayer.h">
      <Filter>Header Files</Filter>
    </ClInclude>
    <ClInclude Include="SDK\Maths\CView.h">
      <Filter>Header Files</Filter>
    </ClInclude>
    <ClInclude Include="SDK\CBone.h">
      <Filter>Header Files</Filter>
    </ClInclude>
    <ClInclude Include="SDK\CC4.h">
      <Filter>Header Files</Filter>
    </ClInclude>
    <ClInclude Include="SDK\CEntity.h">
      <Filter>Header Files</Filter>
    </ClInclude>
    <ClInclude Include="SDK\CGame.h">
      <Filter>Header Files</Filter>
    </ClInclude>
    <ClInclude Include="SDK\CPlayer.h">
      <Filter>Header Files</Filter>
    </ClInclude>
    <ClInclude Include="SDK\Maths\CAngle.h">
      <Filter>Header Files</Filter>
    </ClInclude>
    <ClInclude Include="Program\resource.h">
      <Filter>Header Files</Filter>
    </ClInclude>
  </ItemGroup>
  <ItemGroup>
    <ResourceCompile Include="Program\Delta-Cs2.rc">
      <Filter>Resource Files</Filter>
    </ResourceCompile>
  </ItemGroup>
  <ItemGroup>
    <Image Include="C:\Users\Bronz\Downloads\logo.ico">
      <Filter>Resource Files</Filter>
    </Image>
    <Image Include="Program\logo.ico">
      <Filter>Resource Files</Filter>
    </Image>
  </ItemGroup>
</Project>